// !$*UTF8*$!
{
	archiveVersion = 1;
	classes = {
	};
	objectVersion = 42;
	objects = {

/* Begin PBXBuildFile section */
		8D11072A0486CEB800E47090 /* MainMenu.nib in Resources */ = {isa = PBXBuildFile; fileRef = 29B97318FDCFA39411CA2CEA /* MainMenu.nib */; };
		8D11072B0486CEB800E47090 /* InfoPlist.strings in Resources */ = {isa = PBXBuildFile; fileRef = 089C165CFE840E0CC02AAC07 /* InfoPlist.strings */; };
		8D11072D0486CEB800E47090 /* main.m in Sources */ = {isa = PBXBuildFile; fileRef = 29B97316FDCFA39411CA2CEA /* main.m */; settings = {ATTRIBUTES = (); }; };
		8D11072F0486CEB800E47090 /* Cocoa.framework in Frameworks */ = {isa = PBXBuildFile; fileRef = 1058C7A1FEA54F0111CA2CBB /* Cocoa.framework */; };
		CD0465B10CE11FE600EDA0BD /* PPPLib.c in Sources */ = {isa = PBXBuildFile; fileRef = CD0465AE0CE11FE600EDA0BD /* PPPLib.c */; };
		CD0FE26A0C95ADC20071D806 /* IOKit.framework in Frameworks */ = {isa = PBXBuildFile; fileRef = CD0FE2690C95ADC20071D806 /* IOKit.framework */; };
		CD27C4340C8CC565009D1D26 /* no-modem-menu.tif in Resources */ = {isa = PBXBuildFile; fileRef = CD27C4330C8CC565009D1D26 /* no-modem-menu.tif */; };
		CD391ACF0C8E03460008BABF /* Welcome.html in Resources */ = {isa = PBXBuildFile; fileRef = CD391ACD0C8E03460008BABF /* Welcome.html */; };
		CD391AD70C8E036C0008BABF /* Credits.html in Resources */ = {isa = PBXBuildFile; fileRef = CD391AD50C8E036C0008BABF /* Credits.html */; };
		CD391AFA0C8E04EC0008BABF /* have-modem.png in Resources */ = {isa = PBXBuildFile; fileRef = CD391AF60C8E04EC0008BABF /* have-modem.png */; };
		CD391AFB0C8E04EC0008BABF /* no-modem.png in Resources */ = {isa = PBXBuildFile; fileRef = CD391AF80C8E04EC0008BABF /* no-modem.png */; };
		CD391B5F0C8E07700008BABF /* WebKit.framework in Frameworks */ = {isa = PBXBuildFile; fileRef = CD391B5A0C8E07700008BABF /* WebKit.framework */; };
		CD3EEC480DA2CC5F00381326 /* CWUsagePrefsController.m in Sources */ = {isa = PBXBuildFile; fileRef = CD3EEC470DA2CC5F00381326 /* CWUsagePrefsController.m */; };
		CD45AC720D61A31F000A0A2D /* NBInvocationQueue.m in Sources */ = {isa = PBXBuildFile; fileRef = CD45AC700D61A31F000A0A2D /* NBInvocationQueue.m */; };
		CD5633BE0D742DF500418D48 /* Sparkle.framework in CopyFiles */ = {isa = PBXBuildFile; fileRef = CD73FE020D6373DD0043AFDD /* Sparkle.framework */; };
		CD6F1ABE0CE23B45005CD8D9 /* SystemConfiguration.framework in Frameworks */ = {isa = PBXBuildFile; fileRef = CD6F1ABB0CE23B45005CD8D9 /* SystemConfiguration.framework */; };
		CD73FE030D6373DD0043AFDD /* Sparkle.framework in Frameworks */ = {isa = PBXBuildFile; fileRef = CD73FE020D6373DD0043AFDD /* Sparkle.framework */; };
		CD7CAB7E0D33E90C001A37B8 /* CW Icon - 512.icns in Resources */ = {isa = PBXBuildFile; fileRef = CD7CAB7D0D33E90C001A37B8 /* CW Icon - 512.icns */; };
		CD8425490C8D40F300D08573 /* signal-0.tif in Resources */ = {isa = PBXBuildFile; fileRef = CD84253F0C8D40F300D08573 /* signal-0.tif */; };
		CD84254A0C8D40F300D08573 /* signal-4.tif in Resources */ = {isa = PBXBuildFile; fileRef = CD8425400C8D40F300D08573 /* signal-4.tif */; };
		CD84254B0C8D40F300D08573 /* signal-3.tif in Resources */ = {isa = PBXBuildFile; fileRef = CD8425410C8D40F300D08573 /* signal-3.tif */; };
		CD84254E0C8D40F300D08573 /* signal-2.tif in Resources */ = {isa = PBXBuildFile; fileRef = CD8425440C8D40F300D08573 /* signal-2.tif */; };
		CD84254F0C8D40F300D08573 /* signal-1.tif in Resources */ = {isa = PBXBuildFile; fileRef = CD8425450C8D40F300D08573 /* signal-1.tif */; };
		CD9EE8530DA3EAE900C2230A /* OperatorList.lst in Resources */ = {isa = PBXBuildFile; fileRef = CD9EE8520DA3EAE900C2230A /* OperatorList.lst */; };
		CDA4AEB70C625BAA00E71C0C /* CWMain.m in Sources */ = {isa = PBXBuildFile; fileRef = CDA4AEB60C625BAA00E71C0C /* CWMain.m */; };
		CDA4B1FA0C62947300E71C0C /* Carbon.framework in Frameworks */ = {isa = PBXBuildFile; fileRef = CDA4B1F90C62947300E71C0C /* Carbon.framework */; };
		CDAF55580C763E3500E456AC /* CWHistorySupport.m in Sources */ = {isa = PBXBuildFile; fileRef = CDAF55560C763E3500E456AC /* CWHistorySupport.m */; };
		CDFC9E430C7508D700681B3F /* CWHistory.xcdatamodel in Sources */ = {isa = PBXBuildFile; fileRef = CDFC9E420C7508D700681B3F /* CWHistory.xcdatamodel */; };
/* End PBXBuildFile section */

/* Begin PBXCopyFilesBuildPhase section */
		CDD647EB0C74D893004CA0FA /* CopyFiles */ = {
			isa = PBXCopyFilesBuildPhase;
			buildActionMask = 2147483647;
			dstPath = "";
			dstSubfolderSpec = 10;
			files = (
				CD5633BE0D742DF500418D48 /* Sparkle.framework in CopyFiles */,
			);
			runOnlyForDeploymentPostprocessing = 0;
		};
/* End PBXCopyFilesBuildPhase section */

/* Begin PBXFileReference section */
		089C165DFE840E0CC02AAC07 /* English */ = {isa = PBXFileReference; fileEncoding = 10; lastKnownFileType = text.plist.strings; name = English; path = English.lproj/InfoPlist.strings; sourceTree = "<group>"; };
		1058C7A1FEA54F0111CA2CBB /* Cocoa.framework */ = {isa = PBXFileReference; lastKnownFileType = wrapper.framework; name = Cocoa.framework; path = /System/Library/Frameworks/Cocoa.framework; sourceTree = "<absolute>"; };
		13E42FB307B3F0F600E4EEF1 /* CoreData.framework */ = {isa = PBXFileReference; lastKnownFileType = wrapper.framework; name = CoreData.framework; path = /System/Library/Frameworks/CoreData.framework; sourceTree = "<absolute>"; };
		29B97316FDCFA39411CA2CEA /* main.m */ = {isa = PBXFileReference; fileEncoding = 4; lastKnownFileType = sourcecode.c.objc; path = main.m; sourceTree = "<group>"; };
		29B97319FDCFA39411CA2CEA /* English */ = {isa = PBXFileReference; lastKnownFileType = wrapper.nib; name = English; path = English.lproj/MainMenu.nib; sourceTree = "<group>"; };
		29B97324FDCFA39411CA2CEA /* AppKit.framework */ = {isa = PBXFileReference; lastKnownFileType = wrapper.framework; name = AppKit.framework; path = /System/Library/Frameworks/AppKit.framework; sourceTree = "<absolute>"; };
		29B97325FDCFA39411CA2CEA /* Foundation.framework */ = {isa = PBXFileReference; lastKnownFileType = wrapper.framework; name = Foundation.framework; path = /System/Library/Frameworks/Foundation.framework; sourceTree = "<absolute>"; };
		32CA4F630368D1EE00C91783 /* CheetahWatch_Prefix.pch */ = {isa = PBXFileReference; fileEncoding = 4; lastKnownFileType = sourcecode.c.h; path = CheetahWatch_Prefix.pch; sourceTree = "<group>"; };
		8D1107310486CEB800E47090 /* Info.plist */ = {isa = PBXFileReference; fileEncoding = 4; lastKnownFileType = text.plist; path = Info.plist; sourceTree = "<group>"; };
		8D1107320486CEB800E47090 /* CheetahWatch.app */ = {isa = PBXFileReference; explicitFileType = wrapper.application; includeInIndex = 0; path = CheetahWatch.app; sourceTree = BUILT_PRODUCTS_DIR; };
		CD0465AD0CE11FE600EDA0BD /* ppp_msg.h */ = {isa = PBXFileReference; fileEncoding = 30; lastKnownFileType = sourcecode.c.h; path = ppp_msg.h; sourceTree = "<group>"; };
		CD0465AE0CE11FE600EDA0BD /* PPPLib.c */ = {isa = PBXFileReference; fileEncoding = 30; lastKnownFileType = sourcecode.c.c; path = PPPLib.c; sourceTree = "<group>"; };
		CD0465AF0CE11FE600EDA0BD /* PPPLib.h */ = {isa = PBXFileReference; fileEncoding = 30; lastKnownFileType = sourcecode.c.h; path = PPPLib.h; sourceTree = "<group>"; };
		CD0FE2690C95ADC20071D806 /* IOKit.framework */ = {isa = PBXFileReference; lastKnownFileType = wrapper.framework; name = IOKit.framework; path = /System/Library/Frameworks/IOKit.framework; sourceTree = "<absolute>"; };
		CD27C4330C8CC565009D1D26 /* no-modem-menu.tif */ = {isa = PBXFileReference; lastKnownFileType = image.tiff; path = "no-modem-menu.tif"; sourceTree = "<group>"; };
		CD391ACE0C8E03460008BABF /* English */ = {isa = PBXFileReference; fileEncoding = 30; lastKnownFileType = text.html; name = English; path = English.lproj/Welcome.html; sourceTree = "<group>"; };
		CD391AD60C8E036C0008BABF /* English */ = {isa = PBXFileReference; fileEncoding = 30; lastKnownFileType = text.html; name = English; path = English.lproj/Credits.html; sourceTree = "<group>"; };
		CD391AF70C8E04EC0008BABF /* English */ = {isa = PBXFileReference; lastKnownFileType = image.png; name = English; path = "English.lproj/have-modem.png"; sourceTree = "<group>"; };
		CD391AF90C8E04EC0008BABF /* English */ = {isa = PBXFileReference; lastKnownFileType = image.png; name = English; path = "English.lproj/no-modem.png"; sourceTree = "<group>"; };
		CD391B5A0C8E07700008BABF /* WebKit.framework */ = {isa = PBXFileReference; lastKnownFileType = wrapper.framework; name = WebKit.framework; path = /System/Library/Frameworks/WebKit.framework; sourceTree = "<absolute>"; };
		CD3EEC460DA2CC5F00381326 /* CWUsagePrefsController.h */ = {isa = PBXFileReference; fileEncoding = 4; lastKnownFileType = sourcecode.c.h; path = CWUsagePrefsController.h; sourceTree = "<group>"; };
		CD3EEC470DA2CC5F00381326 /* CWUsagePrefsController.m */ = {isa = PBXFileReference; fileEncoding = 4; lastKnownFileType = sourcecode.c.objc; path = CWUsagePrefsController.m; sourceTree = "<group>"; };
		CD45AC700D61A31F000A0A2D /* NBInvocationQueue.m */ = {isa = PBXFileReference; fileEncoding = 4; lastKnownFileType = sourcecode.c.objc; path = NBInvocationQueue.m; sourceTree = "<group>"; };
		CD45AC710D61A31F000A0A2D /* NBInvocationQueue.h */ = {isa = PBXFileReference; fileEncoding = 4; lastKnownFileType = sourcecode.c.h; path = NBInvocationQueue.h; sourceTree = "<group>"; };
		CD6F1ABB0CE23B45005CD8D9 /* SystemConfiguration.framework */ = {isa = PBXFileReference; lastKnownFileType = wrapper.framework; name = SystemConfiguration.framework; path = /System/Library/Frameworks/SystemConfiguration.framework; sourceTree = "<absolute>"; };
		CD73FE020D6373DD0043AFDD /* Sparkle.framework */ = {isa = PBXFileReference; lastKnownFileType = wrapper.framework; path = Sparkle.framework; sourceTree = "<group>"; };
		CD7CAB7D0D33E90C001A37B8 /* CW Icon - 512.icns */ = {isa = PBXFileReference; lastKnownFileType = image.icns; path = "CW Icon - 512.icns"; sourceTree = "<group>"; };
		CD84253F0C8D40F300D08573 /* signal-0.tif */ = {isa = PBXFileReference; lastKnownFileType = image.tiff; path = "signal-0.tif"; sourceTree = "<group>"; };
		CD8425400C8D40F300D08573 /* signal-4.tif */ = {isa = PBXFileReference; lastKnownFileType = image.tiff; path = "signal-4.tif"; sourceTree = "<group>"; };
		CD8425410C8D40F300D08573 /* signal-3.tif */ = {isa = PBXFileReference; lastKnownFileType = image.tiff; path = "signal-3.tif"; sourceTree = "<group>"; };
		CD8425440C8D40F300D08573 /* signal-2.tif */ = {isa = PBXFileReference; lastKnownFileType = image.tiff; path = "signal-2.tif"; sourceTree = "<group>"; };
		CD8425450C8D40F300D08573 /* signal-1.tif */ = {isa = PBXFileReference; lastKnownFileType = image.tiff; path = "signal-1.tif"; sourceTree = "<group>"; };
		CD8D972B0C63635E00FB394B /* CW Icon.icns */ = {isa = PBXFileReference; lastKnownFileType = image.icns; path = "CW Icon.icns"; sourceTree = "<group>"; };
		CD9EE8520DA3EAE900C2230A /* OperatorList.lst */ = {isa = PBXFileReference; fileEncoding = 4; lastKnownFileType = text; path = OperatorList.lst; sourceTree = "<group>"; };
		CDA4AEB50C625BAA00E71C0C /* CWMain.h */ = {isa = PBXFileReference; fileEncoding = 30; lastKnownFileType = sourcecode.c.h; path = CWMain.h; sourceTree = "<group>"; };
		CDA4AEB60C625BAA00E71C0C /* CWMain.m */ = {isa = PBXFileReference; fileEncoding = 30; lastKnownFileType = sourcecode.c.objc; path = CWMain.m; sourceTree = "<group>"; };
		CDA4B1F90C62947300E71C0C /* Carbon.framework */ = {isa = PBXFileReference; lastKnownFileType = wrapper.framework; name = Carbon.framework; path = /System/Library/Frameworks/Carbon.framework; sourceTree = "<absolute>"; };
		CDAF55550C763E3500E456AC /* CWHistorySupport.h */ = {isa = PBXFileReference; fileEncoding = 4; lastKnownFileType = sourcecode.c.h; path = CWHistorySupport.h; sourceTree = "<group>"; };
		CDAF55560C763E3500E456AC /* CWHistorySupport.m */ = {isa = PBXFileReference; fileEncoding = 4; lastKnownFileType = sourcecode.c.objc; path = CWHistorySupport.m; sourceTree = "<group>"; };
		CDFC9E420C7508D700681B3F /* CWHistory.xcdatamodel */ = {isa = PBXFileReference; fileEncoding = 4; lastKnownFileType = wrapper.xcdatamodel; path = CWHistory.xcdatamodel; sourceTree = "<group>"; };
/* End PBXFileReference section */

/* Begin PBXFrameworksBuildPhase section */
		8D11072E0486CEB800E47090 /* Frameworks */ = {
			isa = PBXFrameworksBuildPhase;
			buildActionMask = 2147483647;
			files = (
				8D11072F0486CEB800E47090 /* Cocoa.framework in Frameworks */,
				CDA4B1FA0C62947300E71C0C /* Carbon.framework in Frameworks */,
				CD391B5F0C8E07700008BABF /* WebKit.framework in Frameworks */,
				CD0FE26A0C95ADC20071D806 /* IOKit.framework in Frameworks */,
				CD6F1ABE0CE23B45005CD8D9 /* SystemConfiguration.framework in Frameworks */,
				CD73FE030D6373DD0043AFDD /* Sparkle.framework in Frameworks */,
			);
			runOnlyForDeploymentPostprocessing = 0;
		};
/* End PBXFrameworksBuildPhase section */

/* Begin PBXGroup section */
		080E96DDFE201D6D7F000001 /* Classes */ = {
			isa = PBXGroup;
			children = (
				CD45AC700D61A31F000A0A2D /* NBInvocationQueue.m */,
				CD45AC710D61A31F000A0A2D /* NBInvocationQueue.h */,
				CDAF55550C763E3500E456AC /* CWHistorySupport.h */,
				CDAF55560C763E3500E456AC /* CWHistorySupport.m */,
				CDA4AEB50C625BAA00E71C0C /* CWMain.h */,
				CDA4AEB60C625BAA00E71C0C /* CWMain.m */,
				CD3EEC460DA2CC5F00381326 /* CWUsagePrefsController.h */,
				CD3EEC470DA2CC5F00381326 /* CWUsagePrefsController.m */,
			);
			name = Classes;
			sourceTree = "<group>";
		};
		1058C7A0FEA54F0111CA2CBB /* Linked Frameworks */ = {
			isa = PBXGroup;
			children = (
				CD73FE020D6373DD0043AFDD /* Sparkle.framework */,
				CD6F1ABB0CE23B45005CD8D9 /* SystemConfiguration.framework */,
				CD391B5A0C8E07700008BABF /* WebKit.framework */,
				CD0FE2690C95ADC20071D806 /* IOKit.framework */,
				CDA4B1F90C62947300E71C0C /* Carbon.framework */,
				1058C7A1FEA54F0111CA2CBB /* Cocoa.framework */,
			);
			name = "Linked Frameworks";
			sourceTree = "<group>";
		};
		1058C7A2FEA54F0111CA2CBB /* Other Frameworks */ = {
			isa = PBXGroup;
			children = (
				29B97324FDCFA39411CA2CEA /* AppKit.framework */,
				13E42FB307B3F0F600E4EEF1 /* CoreData.framework */,
				29B97325FDCFA39411CA2CEA /* Foundation.framework */,
			);
			name = "Other Frameworks";
			sourceTree = "<group>";
		};
		19C28FACFE9D520D11CA2CBB /* Products */ = {
			isa = PBXGroup;
			children = (
				8D1107320486CEB800E47090 /* CheetahWatch.app */,
			);
			name = Products;
			sourceTree = "<group>";
		};
		29B97314FDCFA39411CA2CEA /* CheetahWatch */ = {
			isa = PBXGroup;
			children = (
				080E96DDFE201D6D7F000001 /* Classes */,
				29B97315FDCFA39411CA2CEA /* Other Sources */,
				29B97317FDCFA39411CA2CEA /* Resources */,
				29B97323FDCFA39411CA2CEA /* Frameworks */,
				19C28FACFE9D520D11CA2CBB /* Products */,
			);
			name = CheetahWatch;
			sourceTree = "<group>";
		};
		29B97315FDCFA39411CA2CEA /* Other Sources */ = {
			isa = PBXGroup;
			children = (
				CD0465AD0CE11FE600EDA0BD /* ppp_msg.h */,
				CD0465AE0CE11FE600EDA0BD /* PPPLib.c */,
				CD0465AF0CE11FE600EDA0BD /* PPPLib.h */,
				CDFC9E420C7508D700681B3F /* CWHistory.xcdatamodel */,
				32CA4F630368D1EE00C91783 /* CheetahWatch_Prefix.pch */,
				29B97316FDCFA39411CA2CEA /* main.m */,
			);
			name = "Other Sources";
			sourceTree = "<group>";
		};
		29B97317FDCFA39411CA2CEA /* Resources */ = {
			isa = PBXGroup;
			children = (
				CD9EE8520DA3EAE900C2230A /* OperatorList.lst */,
				CD04F3FC0D722E7D00AE8411 /* Info Window */,
				CD04F3FB0D722E6D00AE8411 /* App Icon */,
				CD04F3F90D722E5600AE8411 /* Menu Icons */,
				CD391AD50C8E036C0008BABF /* Credits.html */,
				CD391ACD0C8E03460008BABF /* Welcome.html */,
				8D1107310486CEB800E47090 /* Info.plist */,
				089C165CFE840E0CC02AAC07 /* InfoPlist.strings */,
				29B97318FDCFA39411CA2CEA /* MainMenu.nib */,
			);
			name = Resources;
			sourceTree = "<group>";
		};
		29B97323FDCFA39411CA2CEA /* Frameworks */ = {
			isa = PBXGroup;
			children = (
				1058C7A0FEA54F0111CA2CBB /* Linked Frameworks */,
				1058C7A2FEA54F0111CA2CBB /* Other Frameworks */,
			);
			name = Frameworks;
			sourceTree = "<group>";
		};
		CD04F3F90D722E5600AE8411 /* Menu Icons */ = {
			isa = PBXGroup;
			children = (
				CD27C4330C8CC565009D1D26 /* no-modem-menu.tif */,
				CD84253F0C8D40F300D08573 /* signal-0.tif */,
				CD8425400C8D40F300D08573 /* signal-4.tif */,
				CD8425410C8D40F300D08573 /* signal-3.tif */,
				CD8425440C8D40F300D08573 /* signal-2.tif */,
				CD8425450C8D40F300D08573 /* signal-1.tif */,
			);
			name = "Menu Icons";
			sourceTree = "<group>";
		};
		CD04F3FB0D722E6D00AE8411 /* App Icon */ = {
			isa = PBXGroup;
			children = (
				CD7CAB7D0D33E90C001A37B8 /* CW Icon - 512.icns */,
				CD8D972B0C63635E00FB394B /* CW Icon.icns */,
			);
			name = "App Icon";
			sourceTree = "<group>";
		};
		CD04F3FC0D722E7D00AE8411 /* Info Window */ = {
			isa = PBXGroup;
			children = (
				CD391AF60C8E04EC0008BABF /* have-modem.png */,
				CD391AF80C8E04EC0008BABF /* no-modem.png */,
			);
			name = "Info Window";
			sourceTree = "<group>";
		};
/* End PBXGroup section */

/* Begin PBXNativeTarget section */
		8D1107260486CEB800E47090 /* CheetahWatch */ = {
			isa = PBXNativeTarget;
			buildConfigurationList = C01FCF4A08A954540054247B /* Build configuration list for PBXNativeTarget "CheetahWatch" */;
			buildPhases = (
				8D1107290486CEB800E47090 /* Resources */,
				8D11072C0486CEB800E47090 /* Sources */,
				8D11072E0486CEB800E47090 /* Frameworks */,
				CDD647EB0C74D893004CA0FA /* CopyFiles */,
			);
			buildRules = (
			);
			dependencies = (
			);
			name = CheetahWatch;
			productInstallPath = "$(HOME)/Applications";
			productName = CheetahWatch;
			productReference = 8D1107320486CEB800E47090 /* CheetahWatch.app */;
			productType = "com.apple.product-type.application";
		};
/* End PBXNativeTarget section */

/* Begin PBXProject section */
		29B97313FDCFA39411CA2CEA /* Project object */ = {
			isa = PBXProject;
			buildConfigurationList = C01FCF4E08A954540054247B /* Build configuration list for PBXProject "CheetahWatch" */;
			compatibilityVersion = "Xcode 2.4";
			hasScannedForEncodings = 1;
			mainGroup = 29B97314FDCFA39411CA2CEA /* CheetahWatch */;
			projectDirPath = "";
			projectRoot = "";
			targets = (
				8D1107260486CEB800E47090 /* CheetahWatch */,
			);
		};
/* End PBXProject section */

/* Begin PBXResourcesBuildPhase section */
		8D1107290486CEB800E47090 /* Resources */ = {
			isa = PBXResourcesBuildPhase;
			buildActionMask = 2147483647;
			files = (
				8D11072A0486CEB800E47090 /* MainMenu.nib in Resources */,
				8D11072B0486CEB800E47090 /* InfoPlist.strings in Resources */,
				CD27C4340C8CC565009D1D26 /* no-modem-menu.tif in Resources */,
				CD8425490C8D40F300D08573 /* signal-0.tif in Resources */,
				CD84254A0C8D40F300D08573 /* signal-4.tif in Resources */,
				CD84254B0C8D40F300D08573 /* signal-3.tif in Resources */,
				CD84254E0C8D40F300D08573 /* signal-2.tif in Resources */,
				CD84254F0C8D40F300D08573 /* signal-1.tif in Resources */,
				CD391ACF0C8E03460008BABF /* Welcome.html in Resources */,
				CD391AD70C8E036C0008BABF /* Credits.html in Resources */,
				CD391AFA0C8E04EC0008BABF /* have-modem.png in Resources */,
				CD391AFB0C8E04EC0008BABF /* no-modem.png in Resources */,
				CD7CAB7E0D33E90C001A37B8 /* CW Icon - 512.icns in Resources */,
				CD9EE8530DA3EAE900C2230A /* OperatorList.lst in Resources */,
			);
			runOnlyForDeploymentPostprocessing = 0;
		};
/* End PBXResourcesBuildPhase section */

/* Begin PBXSourcesBuildPhase section */
		8D11072C0486CEB800E47090 /* Sources */ = {
			isa = PBXSourcesBuildPhase;
			buildActionMask = 2147483647;
			files = (
				8D11072D0486CEB800E47090 /* main.m in Sources */,
				CDA4AEB70C625BAA00E71C0C /* CWMain.m in Sources */,
				CDFC9E430C7508D700681B3F /* CWHistory.xcdatamodel in Sources */,
				CDAF55580C763E3500E456AC /* CWHistorySupport.m in Sources */,
				CD0465B10CE11FE600EDA0BD /* PPPLib.c in Sources */,
				CD45AC720D61A31F000A0A2D /* NBInvocationQueue.m in Sources */,
				CD3EEC480DA2CC5F00381326 /* CWUsagePrefsController.m in Sources */,
			);
			runOnlyForDeploymentPostprocessing = 0;
		};
/* End PBXSourcesBuildPhase section */

/* Begin PBXVariantGroup section */
		089C165CFE840E0CC02AAC07 /* InfoPlist.strings */ = {
			isa = PBXVariantGroup;
			children = (
				089C165DFE840E0CC02AAC07 /* English */,
			);
			name = InfoPlist.strings;
			sourceTree = "<group>";
		};
		29B97318FDCFA39411CA2CEA /* MainMenu.nib */ = {
			isa = PBXVariantGroup;
			children = (
				29B97319FDCFA39411CA2CEA /* English */,
			);
			name = MainMenu.nib;
			sourceTree = "<group>";
		};
		CD391ACD0C8E03460008BABF /* Welcome.html */ = {
			isa = PBXVariantGroup;
			children = (
				CD391ACE0C8E03460008BABF /* English */,
			);
			name = Welcome.html;
			sourceTree = "<group>";
		};
		CD391AD50C8E036C0008BABF /* Credits.html */ = {
			isa = PBXVariantGroup;
			children = (
				CD391AD60C8E036C0008BABF /* English */,
			);
			name = Credits.html;
			sourceTree = "<group>";
		};
		CD391AF60C8E04EC0008BABF /* have-modem.png */ = {
			isa = PBXVariantGroup;
			children = (
				CD391AF70C8E04EC0008BABF /* English */,
			);
			name = "have-modem.png";
			sourceTree = "<group>";
		};
		CD391AF80C8E04EC0008BABF /* no-modem.png */ = {
			isa = PBXVariantGroup;
			children = (
				CD391AF90C8E04EC0008BABF /* English */,
			);
			name = "no-modem.png";
			sourceTree = "<group>";
		};
/* End PBXVariantGroup section */

/* Begin XCBuildConfiguration section */
		C01FCF4B08A954540054247B /* Debug */ = {
			isa = XCBuildConfiguration;
			buildSettings = {
				COPY_PHASE_STRIP = NO;
				FRAMEWORK_SEARCH_PATHS = (
					"$(inherited)",
					"$(FRAMEWORK_SEARCH_PATHS_QUOTED_1)",
					"$(FRAMEWORK_SEARCH_PATHS_QUOTED_2)",
				);
				FRAMEWORK_SEARCH_PATHS_QUOTED_1 = "\"$(SRCROOT)\"";
				FRAMEWORK_SEARCH_PATHS_QUOTED_2 = "\"$(SRCROOT)\"";
				GCC_DYNAMIC_NO_PIC = NO;
				GCC_ENABLE_FIX_AND_CONTINUE = YES;
				GCC_MODEL_TUNING = G5;
				GCC_OPTIMIZATION_LEVEL = 0;
				GCC_TREAT_WARNINGS_AS_ERRORS = NO;
				INFOPLIST_FILE = Info.plist;
				INSTALL_PATH = "$(HOME)/Applications";
				PRODUCT_NAME = CheetahWatch;
				WRAPPER_EXTENSION = app;
				ZERO_LINK = YES;
			};
			name = Debug;
		};
		C01FCF4C08A954540054247B /* Release */ = {
			isa = XCBuildConfiguration;
			buildSettings = {
				ARCHS = (
					i386,
					ppc,
				);
				FRAMEWORK_SEARCH_PATHS = (
					"$(inherited)",
					"$(FRAMEWORK_SEARCH_PATHS_QUOTED_1)",
					"$(FRAMEWORK_SEARCH_PATHS_QUOTED_FOR_TARGET_1)",
				);
				FRAMEWORK_SEARCH_PATHS_QUOTED_1 = "\"$(SRCROOT)\"";
				FRAMEWORK_SEARCH_PATHS_QUOTED_FOR_TARGET_1 = "\"$(SRCROOT)\"";
				GCC_GENERATE_DEBUGGING_SYMBOLS = NO;
				GCC_MODEL_TUNING = G5;
				GCC_TREAT_WARNINGS_AS_ERRORS = NO;
				INFOPLIST_FILE = Info.plist;
				INSTALL_PATH = "$(HOME)/Applications";
				PRODUCT_NAME = CheetahWatch;
				WRAPPER_EXTENSION = app;
			};
			name = Release;
		};
		C01FCF4F08A954540054247B /* Debug */ = {
			isa = XCBuildConfiguration;
			buildSettings = {
				ARCHS = (
					i386,
					ppc,
				);
				GCC_WARN_ABOUT_RETURN_TYPE = YES;
				GCC_WARN_UNUSED_VARIABLE = YES;
				PREBINDING = NO;
				PRODUCT_NAME = CheetahWatch;
				SDKROOT = /Developer/SDKs/MacOSX10.4u.sdk;
			};
			name = Debug;
		};
		C01FCF5008A954540054247B /* Release */ = {
			isa = XCBuildConfiguration;
			buildSettings = {
				ARCHS = (
					ppc,
					i386,
				);
				GCC_WARN_ABOUT_RETURN_TYPE = YES;
				GCC_WARN_UNUSED_VARIABLE = YES;
				PREBINDING = NO;
				PRODUCT_NAME = CheetahWatch;
				SDKROOT = /Developer/SDKs/MacOSX10.4u.sdk;
			};
			name = Release;
		};
/* End XCBuildConfiguration section */

/* Begin XCConfigurationList section */
		C01FCF4A08A954540054247B /* Build configuration list for PBXNativeTarget "CheetahWatch" */ = {
			isa = XCConfigurationList;
			buildConfigurations = (
				C01FCF4B08A954540054247B /* Debug */,
				C01FCF4C08A954540054247B /* Release */,
			);
			defaultConfigurationIsVisible = 0;
			defaultConfigurationName = Release;
		};
		C01FCF4E08A954540054247B /* Build configuration list for PBXProject "CheetahWatch" */ = {
			isa = XCConfigurationList;
			buildConfigurations = (
				C01FCF4F08A954540054247B /* Debug */,
				C01FCF5008A954540054247B /* Release */,
			);
			defaultConfigurationIsVisible = 0;
			defaultConfigurationName = Release;
		};
/* End XCConfigurationList section */
	};
	rootObject = 29B97313FDCFA39411CA2CEA /* Project object */;
}
