// !$*UTF8*$!
{
	archiveVersion = 1;
	classes = {
	};
	objectVersion = 44;
	objects = {

/* Begin PBXBuildFile section */
		65177DA21062E71300D1B428 /* CWStatusWindow.m in Sources */ = {isa = PBXBuildFile; fileRef = 65DB372B105FA7C900D18BD2 /* CWStatusWindow.m */; };
		6519AE7910C558BA00D89423 /* CWPrettyPrint.m in Sources */ = {isa = PBXBuildFile; fileRef = 6519AE7810C558BA00D89423 /* CWPrettyPrint.m */; };
		6523815810763F07000A797C /* CWConnectionRecord.m in Sources */ = {isa = PBXBuildFile; fileRef = 6523815710763F07000A797C /* CWConnectionRecord.m */; };
		6523818F1076498B000A797C /* CWDurationValueTransformer.m in Sources */ = {isa = PBXBuildFile; fileRef = 6523818E1076498B000A797C /* CWDurationValueTransformer.m */; };
		65571B501063D1C0005E5929 /* CWBytesValueTransformer.m in Sources */ = {isa = PBXBuildFile; fileRef = 65571B4F1063D1C0005E5929 /* CWBytesValueTransformer.m */; };
		65571C071063D533005E5929 /* Localizable.strings in Resources */ = {isa = PBXBuildFile; fileRef = 65571C061063D533005E5929 /* Localizable.strings */; };
		65571C3E1063D88C005E5929 /* CWCarrierValueTransformer.m in Sources */ = {isa = PBXBuildFile; fileRef = 65571C3D1063D88C005E5929 /* CWCarrierValueTransformer.m */; };
		65577631106296890030417C /* devices.plist in Resources */ = {isa = PBXBuildFile; fileRef = 65577630106296890030417C /* devices.plist */; };
		6560E749106CC3C0000BB1B2 /* NSWindowExtensions.m in Sources */ = {isa = PBXBuildFile; fileRef = 6560E748106CC3C0000BB1B2 /* NSWindowExtensions.m */; };
		6560E77A106D0D31000BB1B2 /* CWConnectButtonValueTransformer.m in Sources */ = {isa = PBXBuildFile; fileRef = 6560E779106D0D31000BB1B2 /* CWConnectButtonValueTransformer.m */; };
		657F98D7106BFA0000D7FF51 /* CWModeValueTransformer.m in Sources */ = {isa = PBXBuildFile; fileRef = 657F98D6106BFA0000D7FF51 /* CWModeValueTransformer.m */; };
		659A437010B4227100684E2F /* CWPreferences.m in Sources */ = {isa = PBXBuildFile; fileRef = 659A436F10B4227100684E2F /* CWPreferences.m */; };
		659AE58E106D774F00C1D1C7 /* CWDialer.m in Sources */ = {isa = PBXBuildFile; fileRef = 659AE58D106D774F00C1D1C7 /* CWDialer.m */; };
		659AE5E4106E5CFB00C1D1C7 /* CWConnectionStateValueTransformer.m in Sources */ = {isa = PBXBuildFile; fileRef = 659AE5E3106E5CFB00C1D1C7 /* CWConnectionStateValueTransformer.m */; };
		65BC24881063DF1B006739B6 /* CWIconValueTransformer.m in Sources */ = {isa = PBXBuildFile; fileRef = 65BC24871063DF1B006739B6 /* CWIconValueTransformer.m */; };
		65BC7DEA1074AB09000C3BBD /* modems.plist in Resources */ = {isa = PBXBuildFile; fileRef = 65BC7DE91074AB08000C3BBD /* modems.plist */; };
		65D0F844105C219300D13A0D /* networks.plist in Resources */ = {isa = PBXBuildFile; fileRef = 65D0F843105C219300D13A0D /* networks.plist */; };
		65DB3726105F94D200D18BD2 /* CWModem.m in Sources */ = {isa = PBXBuildFile; fileRef = 65DB3725105F94D200D18BD2 /* CWModem.m */; };
		65F849E3105EECA4003778F9 /* CWModel.m in Sources */ = {isa = PBXBuildFile; fileRef = 65F849E2105EECA4003778F9 /* CWModel.m */; };
		8D11072A0486CEB800E47090 /* MainMenu.nib in Resources */ = {isa = PBXBuildFile; fileRef = 29B97318FDCFA39411CA2CEA /* MainMenu.nib */; };
		8D11072B0486CEB800E47090 /* InfoPlist.strings in Resources */ = {isa = PBXBuildFile; fileRef = 089C165CFE840E0CC02AAC07 /* InfoPlist.strings */; };
		8D11072D0486CEB800E47090 /* main.m in Sources */ = {isa = PBXBuildFile; fileRef = 29B97316FDCFA39411CA2CEA /* main.m */; settings = {ATTRIBUTES = (); }; };
		8D11072F0486CEB800E47090 /* Cocoa.framework in Frameworks */ = {isa = PBXBuildFile; fileRef = 1058C7A1FEA54F0111CA2CBB /* Cocoa.framework */; };
		CD0FE26A0C95ADC20071D806 /* IOKit.framework in Frameworks */ = {isa = PBXBuildFile; fileRef = CD0FE2690C95ADC20071D806 /* IOKit.framework */; };
		CD27C4340C8CC565009D1D26 /* no-modem-menu.tif in Resources */ = {isa = PBXBuildFile; fileRef = CD27C4330C8CC565009D1D26 /* no-modem-menu.tif */; };
		CD391ACF0C8E03460008BABF /* Welcome.html in Resources */ = {isa = PBXBuildFile; fileRef = CD391ACD0C8E03460008BABF /* Welcome.html */; };
		CD391AD70C8E036C0008BABF /* Credits.html in Resources */ = {isa = PBXBuildFile; fileRef = CD391AD50C8E036C0008BABF /* Credits.html */; };
		CD391AFA0C8E04EC0008BABF /* have-modem.png in Resources */ = {isa = PBXBuildFile; fileRef = CD391AF60C8E04EC0008BABF /* have-modem.png */; };
		CD391AFB0C8E04EC0008BABF /* no-modem.png in Resources */ = {isa = PBXBuildFile; fileRef = CD391AF80C8E04EC0008BABF /* no-modem.png */; };
		CD391B5F0C8E07700008BABF /* WebKit.framework in Frameworks */ = {isa = PBXBuildFile; fileRef = CD391B5A0C8E07700008BABF /* WebKit.framework */; };
		CD6F1ABE0CE23B45005CD8D9 /* SystemConfiguration.framework in Frameworks */ = {isa = PBXBuildFile; fileRef = CD6F1ABB0CE23B45005CD8D9 /* SystemConfiguration.framework */; };
		CD7CAB7E0D33E90C001A37B8 /* CW Icon - 512.icns in Resources */ = {isa = PBXBuildFile; fileRef = CD7CAB7D0D33E90C001A37B8 /* CW Icon - 512.icns */; };
		CD8425490C8D40F300D08573 /* signal-0.tif in Resources */ = {isa = PBXBuildFile; fileRef = CD84253F0C8D40F300D08573 /* signal-0.tif */; };
		CD84254A0C8D40F300D08573 /* signal-4.tif in Resources */ = {isa = PBXBuildFile; fileRef = CD8425400C8D40F300D08573 /* signal-4.tif */; };
		CD84254B0C8D40F300D08573 /* signal-3.tif in Resources */ = {isa = PBXBuildFile; fileRef = CD8425410C8D40F300D08573 /* signal-3.tif */; };
		CD84254E0C8D40F300D08573 /* signal-2.tif in Resources */ = {isa = PBXBuildFile; fileRef = CD8425440C8D40F300D08573 /* signal-2.tif */; };
		CD84254F0C8D40F300D08573 /* signal-1.tif in Resources */ = {isa = PBXBuildFile; fileRef = CD8425450C8D40F300D08573 /* signal-1.tif */; };
		CDA4AEB70C625BAA00E71C0C /* CWApplication.m in Sources */ = {isa = PBXBuildFile; fileRef = CDA4AEB60C625BAA00E71C0C /* CWApplication.m */; };
		CDA4B1FA0C62947300E71C0C /* Carbon.framework in Frameworks */ = {isa = PBXBuildFile; fileRef = CDA4B1F90C62947300E71C0C /* Carbon.framework */; };
		CDAA71770DCFAE4A00C947E0 /* CWUSBFinder.m in Sources */ = {isa = PBXBuildFile; fileRef = CDAA71760DCFAE4A00C947E0 /* CWUSBFinder.m */; };
		CDAA72050DCFC3ED00C947E0 /* CWNetworks.m in Sources */ = {isa = PBXBuildFile; fileRef = CDAA72040DCFC3ED00C947E0 /* CWNetworks.m */; };
		CDB6F3430F0A0F84007EDF59 /* Sparkle.framework in Frameworks */ = {isa = PBXBuildFile; fileRef = CDB6F3420F0A0F84007EDF59 /* Sparkle.framework */; };
		CDB6F3600F0A113C007EDF59 /* Sparkle.framework in CopyFiles */ = {isa = PBXBuildFile; fileRef = CDB6F3420F0A0F84007EDF59 /* Sparkle.framework */; };
		CDE9AFF70DD1051400CAA997 /* Info.plist in Resources */ = {isa = PBXBuildFile; fileRef = 8D1107310486CEB800E47090 /* Info.plist */; };
		CDE9B0140DD10C3900CAA997 /* signal-4-off.tif in Resources */ = {isa = PBXBuildFile; fileRef = CDE9B00F0DD10C3900CAA997 /* signal-4-off.tif */; };
		CDE9B0150DD10C3900CAA997 /* signal-0-off.tif in Resources */ = {isa = PBXBuildFile; fileRef = CDE9B0100DD10C3900CAA997 /* signal-0-off.tif */; };
		CDE9B0160DD10C3900CAA997 /* signal-1-off.tif in Resources */ = {isa = PBXBuildFile; fileRef = CDE9B0110DD10C3900CAA997 /* signal-1-off.tif */; };
		CDE9B0170DD10C3900CAA997 /* signal-2-off.tif in Resources */ = {isa = PBXBuildFile; fileRef = CDE9B0120DD10C3900CAA997 /* signal-2-off.tif */; };
		CDE9B0180DD10C3900CAA997 /* signal-3-off.tif in Resources */ = {isa = PBXBuildFile; fileRef = CDE9B0130DD10C3900CAA997 /* signal-3-off.tif */; };
/* End PBXBuildFile section */

/* Begin PBXCopyFilesBuildPhase section */
		CDD647EB0C74D893004CA0FA /* CopyFiles */ = {
			isa = PBXCopyFilesBuildPhase;
			buildActionMask = 2147483647;
			dstPath = "";
			dstSubfolderSpec = 10;
			files = (
				CDB6F3600F0A113C007EDF59 /* Sparkle.framework in CopyFiles */,
			);
			runOnlyForDeploymentPostprocessing = 0;
		};
/* End PBXCopyFilesBuildPhase section */

/* Begin PBXFileReference section */
		089C165DFE840E0CC02AAC07 /* English */ = {isa = PBXFileReference; fileEncoding = 10; lastKnownFileType = text.plist.strings; name = English; path = English.lproj/InfoPlist.strings; sourceTree = "<group>"; };
		1058C7A1FEA54F0111CA2CBB /* Cocoa.framework */ = {isa = PBXFileReference; lastKnownFileType = wrapper.framework; name = Cocoa.framework; path = /System/Library/Frameworks/Cocoa.framework; sourceTree = "<absolute>"; };
		29B97316FDCFA39411CA2CEA /* main.m */ = {isa = PBXFileReference; fileEncoding = 4; lastKnownFileType = sourcecode.c.objc; path = main.m; sourceTree = "<group>"; };
		29B97319FDCFA39411CA2CEA /* English */ = {isa = PBXFileReference; lastKnownFileType = wrapper.nib; name = English; path = English.lproj/MainMenu.nib; sourceTree = "<group>"; };
		32CA4F630368D1EE00C91783 /* CheetahWatch_Prefix.pch */ = {isa = PBXFileReference; fileEncoding = 4; lastKnownFileType = sourcecode.c.h; path = CheetahWatch_Prefix.pch; sourceTree = "<group>"; };
		6519AE7710C558BA00D89423 /* CWPrettyPrint.h */ = {isa = PBXFileReference; fileEncoding = 4; lastKnownFileType = sourcecode.c.h; path = CWPrettyPrint.h; sourceTree = "<group>"; };
		6519AE7810C558BA00D89423 /* CWPrettyPrint.m */ = {isa = PBXFileReference; fileEncoding = 4; lastKnownFileType = sourcecode.c.objc; path = CWPrettyPrint.m; sourceTree = "<group>"; };
		6523815610763F07000A797C /* CWConnectionRecord.h */ = {isa = PBXFileReference; fileEncoding = 4; lastKnownFileType = sourcecode.c.h; path = CWConnectionRecord.h; sourceTree = "<group>"; };
		6523815710763F07000A797C /* CWConnectionRecord.m */ = {isa = PBXFileReference; fileEncoding = 4; lastKnownFileType = sourcecode.c.objc; path = CWConnectionRecord.m; sourceTree = "<group>"; };
		6523818D1076498B000A797C /* CWDurationValueTransformer.h */ = {isa = PBXFileReference; fileEncoding = 4; lastKnownFileType = sourcecode.c.h; path = CWDurationValueTransformer.h; sourceTree = "<group>"; };
		6523818E1076498B000A797C /* CWDurationValueTransformer.m */ = {isa = PBXFileReference; fileEncoding = 4; lastKnownFileType = sourcecode.c.objc; path = CWDurationValueTransformer.m; sourceTree = "<group>"; };
		65571B4E1063D1C0005E5929 /* CWBytesValueTransformer.h */ = {isa = PBXFileReference; fileEncoding = 4; lastKnownFileType = sourcecode.c.h; path = CWBytesValueTransformer.h; sourceTree = "<group>"; };
		65571B4F1063D1C0005E5929 /* CWBytesValueTransformer.m */ = {isa = PBXFileReference; fileEncoding = 4; lastKnownFileType = sourcecode.c.objc; path = CWBytesValueTransformer.m; sourceTree = "<group>"; };
		65571C021063D4FE005E5929 /* English */ = {isa = PBXFileReference; fileEncoding = 4; lastKnownFileType = text.plist.strings; name = English; path = English.lproj/Localizable.strings; sourceTree = "<group>"; };
		65571C3C1063D88C005E5929 /* CWCarrierValueTransformer.h */ = {isa = PBXFileReference; fileEncoding = 4; lastKnownFileType = sourcecode.c.h; path = CWCarrierValueTransformer.h; sourceTree = "<group>"; };
		65571C3D1063D88C005E5929 /* CWCarrierValueTransformer.m */ = {isa = PBXFileReference; fileEncoding = 4; lastKnownFileType = sourcecode.c.objc; path = CWCarrierValueTransformer.m; sourceTree = "<group>"; };
		65577630106296890030417C /* devices.plist */ = {isa = PBXFileReference; fileEncoding = 4; lastKnownFileType = text.plist.xml; path = devices.plist; sourceTree = "<group>"; };
		6560E747106CC3C0000BB1B2 /* NSWindowExtensions.h */ = {isa = PBXFileReference; fileEncoding = 4; lastKnownFileType = sourcecode.c.h; path = NSWindowExtensions.h; sourceTree = "<group>"; };
		6560E748106CC3C0000BB1B2 /* NSWindowExtensions.m */ = {isa = PBXFileReference; fileEncoding = 4; lastKnownFileType = sourcecode.c.objc; path = NSWindowExtensions.m; sourceTree = "<group>"; };
		6560E778106D0D31000BB1B2 /* CWConnectButtonValueTransformer.h */ = {isa = PBXFileReference; fileEncoding = 4; lastKnownFileType = sourcecode.c.h; path = CWConnectButtonValueTransformer.h; sourceTree = "<group>"; };
		6560E779106D0D31000BB1B2 /* CWConnectButtonValueTransformer.m */ = {isa = PBXFileReference; fileEncoding = 4; lastKnownFileType = sourcecode.c.objc; path = CWConnectButtonValueTransformer.m; sourceTree = "<group>"; };
		657F98D5106BFA0000D7FF51 /* CWModeValueTransformer.h */ = {isa = PBXFileReference; fileEncoding = 4; lastKnownFileType = sourcecode.c.h; path = CWModeValueTransformer.h; sourceTree = "<group>"; };
		657F98D6106BFA0000D7FF51 /* CWModeValueTransformer.m */ = {isa = PBXFileReference; fileEncoding = 4; lastKnownFileType = sourcecode.c.objc; path = CWModeValueTransformer.m; sourceTree = "<group>"; };
		659A436E10B4227100684E2F /* CWPreferences.h */ = {isa = PBXFileReference; fileEncoding = 4; lastKnownFileType = sourcecode.c.h; path = CWPreferences.h; sourceTree = "<group>"; };
		659A436F10B4227100684E2F /* CWPreferences.m */ = {isa = PBXFileReference; fileEncoding = 4; lastKnownFileType = sourcecode.c.objc; path = CWPreferences.m; sourceTree = "<group>"; };
		659AE58C106D774F00C1D1C7 /* CWDialer.h */ = {isa = PBXFileReference; fileEncoding = 4; lastKnownFileType = sourcecode.c.h; path = CWDialer.h; sourceTree = "<group>"; };
		659AE58D106D774F00C1D1C7 /* CWDialer.m */ = {isa = PBXFileReference; fileEncoding = 4; lastKnownFileType = sourcecode.c.objc; path = CWDialer.m; sourceTree = "<group>"; };
		659AE5E2106E5CFB00C1D1C7 /* CWConnectionStateValueTransformer.h */ = {isa = PBXFileReference; fileEncoding = 4; lastKnownFileType = sourcecode.c.h; path = CWConnectionStateValueTransformer.h; sourceTree = "<group>"; };
		659AE5E3106E5CFB00C1D1C7 /* CWConnectionStateValueTransformer.m */ = {isa = PBXFileReference; fileEncoding = 4; lastKnownFileType = sourcecode.c.objc; path = CWConnectionStateValueTransformer.m; sourceTree = "<group>"; };
		65BC24861063DF1B006739B6 /* CWIconValueTransformer.h */ = {isa = PBXFileReference; fileEncoding = 4; lastKnownFileType = sourcecode.c.h; path = CWIconValueTransformer.h; sourceTree = "<group>"; };
		65BC24871063DF1B006739B6 /* CWIconValueTransformer.m */ = {isa = PBXFileReference; fileEncoding = 4; lastKnownFileType = sourcecode.c.objc; path = CWIconValueTransformer.m; sourceTree = "<group>"; };
		65BC7DE91074AB08000C3BBD /* modems.plist */ = {isa = PBXFileReference; fileEncoding = 4; lastKnownFileType = text.plist.xml; path = modems.plist; sourceTree = "<group>"; };
		65D0F843105C219300D13A0D /* networks.plist */ = {isa = PBXFileReference; fileEncoding = 4; lastKnownFileType = text.plist.xml; path = networks.plist; sourceTree = "<group>"; };
		65DB3724105F94D200D18BD2 /* CWModem.h */ = {isa = PBXFileReference; fileEncoding = 4; lastKnownFileType = sourcecode.c.h; path = CWModem.h; sourceTree = "<group>"; };
		65DB3725105F94D200D18BD2 /* CWModem.m */ = {isa = PBXFileReference; fileEncoding = 4; lastKnownFileType = sourcecode.c.objc; path = CWModem.m; sourceTree = "<group>"; };
		65DB372A105FA7C900D18BD2 /* CWStatusWindow.h */ = {isa = PBXFileReference; fileEncoding = 4; lastKnownFileType = sourcecode.c.h; path = CWStatusWindow.h; sourceTree = "<group>"; };
		65DB372B105FA7C900D18BD2 /* CWStatusWindow.m */ = {isa = PBXFileReference; fileEncoding = 4; lastKnownFileType = sourcecode.c.objc; path = CWStatusWindow.m; sourceTree = "<group>"; };
		65F849E1105EECA4003778F9 /* CWModel.h */ = {isa = PBXFileReference; fileEncoding = 4; lastKnownFileType = sourcecode.c.h; path = CWModel.h; sourceTree = "<group>"; };
		65F849E2105EECA4003778F9 /* CWModel.m */ = {isa = PBXFileReference; fileEncoding = 4; lastKnownFileType = sourcecode.c.objc; path = CWModel.m; sourceTree = "<group>"; };
		8D1107310486CEB800E47090 /* Info.plist */ = {isa = PBXFileReference; fileEncoding = 4; lastKnownFileType = text.plist.xml; name = Info.plist; path = ../Info.plist; sourceTree = "<group>"; };
		8D1107320486CEB800E47090 /* CheetahWatch.app */ = {isa = PBXFileReference; explicitFileType = wrapper.application; includeInIndex = 0; path = CheetahWatch.app; sourceTree = BUILT_PRODUCTS_DIR; };
		CD0FE2690C95ADC20071D806 /* IOKit.framework */ = {isa = PBXFileReference; lastKnownFileType = wrapper.framework; name = IOKit.framework; path = /System/Library/Frameworks/IOKit.framework; sourceTree = "<absolute>"; };
		CD27C4330C8CC565009D1D26 /* no-modem-menu.tif */ = {isa = PBXFileReference; lastKnownFileType = image.tiff; path = "no-modem-menu.tif"; sourceTree = "<group>"; };
		CD391ACE0C8E03460008BABF /* English */ = {isa = PBXFileReference; fileEncoding = 30; lastKnownFileType = text.html; name = English; path = English.lproj/Welcome.html; sourceTree = "<group>"; };
		CD391AD60C8E036C0008BABF /* English */ = {isa = PBXFileReference; fileEncoding = 30; lastKnownFileType = text.html; name = English; path = English.lproj/Credits.html; sourceTree = "<group>"; };
		CD391AF70C8E04EC0008BABF /* English */ = {isa = PBXFileReference; lastKnownFileType = image.png; name = English; path = "English.lproj/have-modem.png"; sourceTree = "<group>"; };
		CD391AF90C8E04EC0008BABF /* English */ = {isa = PBXFileReference; lastKnownFileType = image.png; name = English; path = "English.lproj/no-modem.png"; sourceTree = "<group>"; };
		CD391B5A0C8E07700008BABF /* WebKit.framework */ = {isa = PBXFileReference; lastKnownFileType = wrapper.framework; name = WebKit.framework; path = /System/Library/Frameworks/WebKit.framework; sourceTree = "<absolute>"; };
		CD6F1ABB0CE23B45005CD8D9 /* SystemConfiguration.framework */ = {isa = PBXFileReference; lastKnownFileType = wrapper.framework; name = SystemConfiguration.framework; path = /System/Library/Frameworks/SystemConfiguration.framework; sourceTree = "<absolute>"; };
		CD7CAB7D0D33E90C001A37B8 /* CW Icon - 512.icns */ = {isa = PBXFileReference; lastKnownFileType = image.icns; path = "CW Icon - 512.icns"; sourceTree = "<group>"; };
		CD84253F0C8D40F300D08573 /* signal-0.tif */ = {isa = PBXFileReference; lastKnownFileType = image.tiff; path = "signal-0.tif"; sourceTree = "<group>"; };
		CD8425400C8D40F300D08573 /* signal-4.tif */ = {isa = PBXFileReference; lastKnownFileType = image.tiff; path = "signal-4.tif"; sourceTree = "<group>"; };
		CD8425410C8D40F300D08573 /* signal-3.tif */ = {isa = PBXFileReference; lastKnownFileType = image.tiff; path = "signal-3.tif"; sourceTree = "<group>"; };
		CD8425440C8D40F300D08573 /* signal-2.tif */ = {isa = PBXFileReference; lastKnownFileType = image.tiff; path = "signal-2.tif"; sourceTree = "<group>"; };
		CD8425450C8D40F300D08573 /* signal-1.tif */ = {isa = PBXFileReference; lastKnownFileType = image.tiff; path = "signal-1.tif"; sourceTree = "<group>"; };
		CD8D972B0C63635E00FB394B /* CW Icon.icns */ = {isa = PBXFileReference; lastKnownFileType = image.icns; path = "CW Icon.icns"; sourceTree = "<group>"; };
		CDA4AEB50C625BAA00E71C0C /* CWApplication.h */ = {isa = PBXFileReference; fileEncoding = 30; lastKnownFileType = sourcecode.c.h; path = CWApplication.h; sourceTree = "<group>"; };
		CDA4AEB60C625BAA00E71C0C /* CWApplication.m */ = {isa = PBXFileReference; fileEncoding = 30; lastKnownFileType = sourcecode.c.objc; path = CWApplication.m; sourceTree = "<group>"; };
		CDA4B1F90C62947300E71C0C /* Carbon.framework */ = {isa = PBXFileReference; lastKnownFileType = wrapper.framework; name = Carbon.framework; path = /System/Library/Frameworks/Carbon.framework; sourceTree = "<absolute>"; };
		CDAA71750DCFAE4A00C947E0 /* CWUSBFinder.h */ = {isa = PBXFileReference; fileEncoding = 4; lastKnownFileType = sourcecode.c.h; path = CWUSBFinder.h; sourceTree = "<group>"; };
		CDAA71760DCFAE4A00C947E0 /* CWUSBFinder.m */ = {isa = PBXFileReference; fileEncoding = 4; lastKnownFileType = sourcecode.c.objc; path = CWUSBFinder.m; sourceTree = "<group>"; };
		CDAA72030DCFC3ED00C947E0 /* CWNetworks.h */ = {isa = PBXFileReference; fileEncoding = 4; lastKnownFileType = sourcecode.c.h; path = CWNetworks.h; sourceTree = "<group>"; };
		CDAA72040DCFC3ED00C947E0 /* CWNetworks.m */ = {isa = PBXFileReference; fileEncoding = 4; lastKnownFileType = sourcecode.c.objc; path = CWNetworks.m; sourceTree = "<group>"; };
		CDB6F3420F0A0F84007EDF59 /* Sparkle.framework */ = {isa = PBXFileReference; lastKnownFileType = wrapper.framework; path = Sparkle.framework; sourceTree = "<group>"; };
		CDE9B00F0DD10C3900CAA997 /* signal-4-off.tif */ = {isa = PBXFileReference; lastKnownFileType = image.tiff; path = "signal-4-off.tif"; sourceTree = "<group>"; };
		CDE9B0100DD10C3900CAA997 /* signal-0-off.tif */ = {isa = PBXFileReference; lastKnownFileType = image.tiff; path = "signal-0-off.tif"; sourceTree = "<group>"; };
		CDE9B0110DD10C3900CAA997 /* signal-1-off.tif */ = {isa = PBXFileReference; lastKnownFileType = image.tiff; path = "signal-1-off.tif"; sourceTree = "<group>"; };
		CDE9B0120DD10C3900CAA997 /* signal-2-off.tif */ = {isa = PBXFileReference; lastKnownFileType = image.tiff; path = "signal-2-off.tif"; sourceTree = "<group>"; };
		CDE9B0130DD10C3900CAA997 /* signal-3-off.tif */ = {isa = PBXFileReference; lastKnownFileType = image.tiff; path = "signal-3-off.tif"; sourceTree = "<group>"; };
/* End PBXFileReference section */

/* Begin PBXFrameworksBuildPhase section */
		8D11072E0486CEB800E47090 /* Frameworks */ = {
			isa = PBXFrameworksBuildPhase;
			buildActionMask = 2147483647;
			files = (
				8D11072F0486CEB800E47090 /* Cocoa.framework in Frameworks */,
				CDA4B1FA0C62947300E71C0C /* Carbon.framework in Frameworks */,
				CD391B5F0C8E07700008BABF /* WebKit.framework in Frameworks */,
				CD0FE26A0C95ADC20071D806 /* IOKit.framework in Frameworks */,
				CD6F1ABE0CE23B45005CD8D9 /* SystemConfiguration.framework in Frameworks */,
				CDB6F3430F0A0F84007EDF59 /* Sparkle.framework in Frameworks */,
			);
			runOnlyForDeploymentPostprocessing = 0;
		};
/* End PBXFrameworksBuildPhase section */

/* Begin PBXGroup section */
		080E96DDFE201D6D7F000001 /* Classes */ = {
			isa = PBXGroup;
			children = (
				6523815510763E9F000A797C /* Controller */,
				6523815410763E9A000A797C /* Model */,
				657F98D8106BFA0C00D7FF51 /* View */,
			);
			path = Classes;
			sourceTree = "<group>";
		};
		1058C7A0FEA54F0111CA2CBB /* Linked Frameworks */ = {
			isa = PBXGroup;
			children = (
				CDB6F3420F0A0F84007EDF59 /* Sparkle.framework */,
				CD6F1ABB0CE23B45005CD8D9 /* SystemConfiguration.framework */,
				CD391B5A0C8E07700008BABF /* WebKit.framework */,
				CD0FE2690C95ADC20071D806 /* IOKit.framework */,
				CDA4B1F90C62947300E71C0C /* Carbon.framework */,
				1058C7A1FEA54F0111CA2CBB /* Cocoa.framework */,
			);
			name = "Linked Frameworks";
			sourceTree = "<group>";
		};
		1058C7A2FEA54F0111CA2CBB /* Other Frameworks */ = {
			isa = PBXGroup;
			children = (
			);
			name = "Other Frameworks";
			sourceTree = "<group>";
		};
		19C28FACFE9D520D11CA2CBB /* Products */ = {
			isa = PBXGroup;
			children = (
				8D1107320486CEB800E47090 /* CheetahWatch.app */,
			);
			name = Products;
			sourceTree = "<group>";
		};
		29B97314FDCFA39411CA2CEA /* CheetahWatch */ = {
			isa = PBXGroup;
			children = (
				080E96DDFE201D6D7F000001 /* Classes */,
				29B97315FDCFA39411CA2CEA /* Other Sources */,
				29B97317FDCFA39411CA2CEA /* Resources */,
				29B97323FDCFA39411CA2CEA /* Frameworks */,
				19C28FACFE9D520D11CA2CBB /* Products */,
			);
			name = CheetahWatch;
			sourceTree = "<group>";
		};
		29B97315FDCFA39411CA2CEA /* Other Sources */ = {
			isa = PBXGroup;
			children = (
				32CA4F630368D1EE00C91783 /* CheetahWatch_Prefix.pch */,
				29B97316FDCFA39411CA2CEA /* main.m */,
			);
			path = "Other Sources";
			sourceTree = "<group>";
		};
		29B97317FDCFA39411CA2CEA /* Resources */ = {
			isa = PBXGroup;
			children = (
				29B97318FDCFA39411CA2CEA /* MainMenu.nib */,
				65577630106296890030417C /* devices.plist */,
				65BC7DE91074AB08000C3BBD /* modems.plist */,
				65D0F843105C219300D13A0D /* networks.plist */,
				65571C061063D533005E5929 /* Localizable.strings */,
				8D1107310486CEB800E47090 /* Info.plist */,
				089C165CFE840E0CC02AAC07 /* InfoPlist.strings */,
				CD04F3FC0D722E7D00AE8411 /* Info Window */,
				CD04F3FB0D722E6D00AE8411 /* CW Icon */,
				CD04F3F90D722E5600AE8411 /* MenuSignals */,
				CD391AD50C8E036C0008BABF /* Credits.html */,
				CD391ACD0C8E03460008BABF /* Welcome.html */,
			);
			path = Resources;
			sourceTree = "<group>";
		};
		29B97323FDCFA39411CA2CEA /* Frameworks */ = {
			isa = PBXGroup;
			children = (
				1058C7A0FEA54F0111CA2CBB /* Linked Frameworks */,
				1058C7A2FEA54F0111CA2CBB /* Other Frameworks */,
			);
			name = Frameworks;
			sourceTree = "<group>";
		};
		6523815410763E9A000A797C /* Model */ = {
			isa = PBXGroup;
			children = (
				6523815610763F07000A797C /* CWConnectionRecord.h */,
				6523815710763F07000A797C /* CWConnectionRecord.m */,
				65F849E1105EECA4003778F9 /* CWModel.h */,
				65F849E2105EECA4003778F9 /* CWModel.m */,
				659A436E10B4227100684E2F /* CWPreferences.h */,
				659A436F10B4227100684E2F /* CWPreferences.m */,
			);
			name = Model;
			sourceTree = "<group>";
		};
		6523815510763E9F000A797C /* Controller */ = {
			isa = PBXGroup;
			children = (
				CDA4AEB50C625BAA00E71C0C /* CWApplication.h */,
				CDA4AEB60C625BAA00E71C0C /* CWApplication.m */,
				659AE58C106D774F00C1D1C7 /* CWDialer.h */,
				659AE58D106D774F00C1D1C7 /* CWDialer.m */,
				65DB3724105F94D200D18BD2 /* CWModem.h */,
				65DB3725105F94D200D18BD2 /* CWModem.m */,
				CDAA72030DCFC3ED00C947E0 /* CWNetworks.h */,
				CDAA72040DCFC3ED00C947E0 /* CWNetworks.m */,
				CDAA71750DCFAE4A00C947E0 /* CWUSBFinder.h */,
				CDAA71760DCFAE4A00C947E0 /* CWUSBFinder.m */,
			);
			name = Controller;
			sourceTree = "<group>";
		};
		657F98D8106BFA0C00D7FF51 /* View */ = {
			isa = PBXGroup;
			children = (
				6519AE7710C558BA00D89423 /* CWPrettyPrint.h */,
				6519AE7810C558BA00D89423 /* CWPrettyPrint.m */,
				65571B4E1063D1C0005E5929 /* CWBytesValueTransformer.h */,
				65571B4F1063D1C0005E5929 /* CWBytesValueTransformer.m */,
				65571C3C1063D88C005E5929 /* CWCarrierValueTransformer.h */,
				65571C3D1063D88C005E5929 /* CWCarrierValueTransformer.m */,
				6560E778106D0D31000BB1B2 /* CWConnectButtonValueTransformer.h */,
				6560E779106D0D31000BB1B2 /* CWConnectButtonValueTransformer.m */,
				659AE5E2106E5CFB00C1D1C7 /* CWConnectionStateValueTransformer.h */,
				659AE5E3106E5CFB00C1D1C7 /* CWConnectionStateValueTransformer.m */,
				6523818D1076498B000A797C /* CWDurationValueTransformer.h */,
				6523818E1076498B000A797C /* CWDurationValueTransformer.m */,
				65BC24861063DF1B006739B6 /* CWIconValueTransformer.h */,
				65BC24871063DF1B006739B6 /* CWIconValueTransformer.m */,
				657F98D5106BFA0000D7FF51 /* CWModeValueTransformer.h */,
				657F98D6106BFA0000D7FF51 /* CWModeValueTransformer.m */,
				65DB372A105FA7C900D18BD2 /* CWStatusWindow.h */,
				65DB372B105FA7C900D18BD2 /* CWStatusWindow.m */,
				6560E747106CC3C0000BB1B2 /* NSWindowExtensions.h */,
				6560E748106CC3C0000BB1B2 /* NSWindowExtensions.m */,
			);
			name = View;
			sourceTree = "<group>";
		};
		CD04F3F90D722E5600AE8411 /* MenuSignals */ = {
			isa = PBXGroup;
			children = (
				CDE9B00F0DD10C3900CAA997 /* signal-4-off.tif */,
				CDE9B0100DD10C3900CAA997 /* signal-0-off.tif */,
				CDE9B0110DD10C3900CAA997 /* signal-1-off.tif */,
				CDE9B0120DD10C3900CAA997 /* signal-2-off.tif */,
				CDE9B0130DD10C3900CAA997 /* signal-3-off.tif */,
				CD27C4330C8CC565009D1D26 /* no-modem-menu.tif */,
				CD84253F0C8D40F300D08573 /* signal-0.tif */,
				CD8425450C8D40F300D08573 /* signal-1.tif */,
				CD8425440C8D40F300D08573 /* signal-2.tif */,
				CD8425410C8D40F300D08573 /* signal-3.tif */,
				CD8425400C8D40F300D08573 /* signal-4.tif */,
			);
			name = MenuSignals;
			path = ../MenuSignals;
			sourceTree = "<group>";
		};
		CD04F3FB0D722E6D00AE8411 /* CW Icon */ = {
			isa = PBXGroup;
			children = (
				CD7CAB7D0D33E90C001A37B8 /* CW Icon - 512.icns */,
				CD8D972B0C63635E00FB394B /* CW Icon.icns */,
			);
			name = "CW Icon";
			path = "../CW Icon";
			sourceTree = "<group>";
		};
		CD04F3FC0D722E7D00AE8411 /* Info Window */ = {
			isa = PBXGroup;
			children = (
				CD391AF60C8E04EC0008BABF /* have-modem.png */,
				CD391AF80C8E04EC0008BABF /* no-modem.png */,
			);
			name = "Info Window";
			sourceTree = "<group>";
		};
/* End PBXGroup section */

/* Begin PBXNativeTarget section */
		8D1107260486CEB800E47090 /* CheetahWatch */ = {
			isa = PBXNativeTarget;
			buildConfigurationList = C01FCF4A08A954540054247B /* Build configuration list for PBXNativeTarget "CheetahWatch" */;
			buildPhases = (
				8D1107290486CEB800E47090 /* Resources */,
				8D11072C0486CEB800E47090 /* Sources */,
				8D11072E0486CEB800E47090 /* Frameworks */,
				CDD647EB0C74D893004CA0FA /* CopyFiles */,
			);
			buildRules = (
			);
			dependencies = (
			);
			name = CheetahWatch;
			productInstallPath = "$(HOME)/Applications";
			productName = CheetahWatch;
			productReference = 8D1107320486CEB800E47090 /* CheetahWatch.app */;
			productType = "com.apple.product-type.application";
		};
/* End PBXNativeTarget section */

/* Begin PBXProject section */
		29B97313FDCFA39411CA2CEA /* Project object */ = {
			isa = PBXProject;
			buildConfigurationList = C01FCF4E08A954540054247B /* Build configuration list for PBXProject "CheetahWatch" */;
			compatibilityVersion = "Xcode 3.0";
			hasScannedForEncodings = 1;
			mainGroup = 29B97314FDCFA39411CA2CEA /* CheetahWatch */;
			projectDirPath = "";
			projectRoot = "";
			targets = (
				8D1107260486CEB800E47090 /* CheetahWatch */,
			);
		};
/* End PBXProject section */

/* Begin PBXResourcesBuildPhase section */
		8D1107290486CEB800E47090 /* Resources */ = {
			isa = PBXResourcesBuildPhase;
			buildActionMask = 2147483647;
			files = (
				8D11072B0486CEB800E47090 /* InfoPlist.strings in Resources */,
				8D11072A0486CEB800E47090 /* MainMenu.nib in Resources */,
				CD27C4340C8CC565009D1D26 /* no-modem-menu.tif in Resources */,
				CD8425490C8D40F300D08573 /* signal-0.tif in Resources */,
				CD84254A0C8D40F300D08573 /* signal-4.tif in Resources */,
				CD84254B0C8D40F300D08573 /* signal-3.tif in Resources */,
				CD84254E0C8D40F300D08573 /* signal-2.tif in Resources */,
				CD84254F0C8D40F300D08573 /* signal-1.tif in Resources */,
				CDE9B0140DD10C3900CAA997 /* signal-4-off.tif in Resources */,
				CDE9B0150DD10C3900CAA997 /* signal-0-off.tif in Resources */,
				CDE9B0160DD10C3900CAA997 /* signal-1-off.tif in Resources */,
				CDE9B0170DD10C3900CAA997 /* signal-2-off.tif in Resources */,
				CDE9B0180DD10C3900CAA997 /* signal-3-off.tif in Resources */,
				CD391ACF0C8E03460008BABF /* Welcome.html in Resources */,
				CD391AD70C8E036C0008BABF /* Credits.html in Resources */,
				CD391AFA0C8E04EC0008BABF /* have-modem.png in Resources */,
				CD391AFB0C8E04EC0008BABF /* no-modem.png in Resources */,
				CD7CAB7E0D33E90C001A37B8 /* CW Icon - 512.icns in Resources */,
				CDE9AFF70DD1051400CAA997 /* Info.plist in Resources */,
				65D0F844105C219300D13A0D /* networks.plist in Resources */,
				65577631106296890030417C /* devices.plist in Resources */,
				65571C071063D533005E5929 /* Localizable.strings in Resources */,
				65BC7DEA1074AB09000C3BBD /* modems.plist in Resources */,
			);
			runOnlyForDeploymentPostprocessing = 0;
		};
/* End PBXResourcesBuildPhase section */

/* Begin PBXSourcesBuildPhase section */
		8D11072C0486CEB800E47090 /* Sources */ = {
			isa = PBXSourcesBuildPhase;
			buildActionMask = 2147483647;
			files = (
				8D11072D0486CEB800E47090 /* main.m in Sources */,
				CDA4AEB70C625BAA00E71C0C /* CWApplication.m in Sources */,
				CDAA71770DCFAE4A00C947E0 /* CWUSBFinder.m in Sources */,
				CDAA72050DCFC3ED00C947E0 /* CWNetworks.m in Sources */,
				65F849E3105EECA4003778F9 /* CWModel.m in Sources */,
				65DB3726105F94D200D18BD2 /* CWModem.m in Sources */,
				65177DA21062E71300D1B428 /* CWStatusWindow.m in Sources */,
				65571B501063D1C0005E5929 /* CWBytesValueTransformer.m in Sources */,
				65571C3E1063D88C005E5929 /* CWCarrierValueTransformer.m in Sources */,
				65BC24881063DF1B006739B6 /* CWIconValueTransformer.m in Sources */,
				657F98D7106BFA0000D7FF51 /* CWModeValueTransformer.m in Sources */,
				6560E749106CC3C0000BB1B2 /* NSWindowExtensions.m in Sources */,
				6560E77A106D0D31000BB1B2 /* CWConnectButtonValueTransformer.m in Sources */,
				659AE58E106D774F00C1D1C7 /* CWDialer.m in Sources */,
				659AE5E4106E5CFB00C1D1C7 /* CWConnectionStateValueTransformer.m in Sources */,
				6523815810763F07000A797C /* CWConnectionRecord.m in Sources */,
				6523818F1076498B000A797C /* CWDurationValueTransformer.m in Sources */,
				659A437010B4227100684E2F /* CWPreferences.m in Sources */,
				6519AE7910C558BA00D89423 /* CWPrettyPrint.m in Sources */,
			);
			runOnlyForDeploymentPostprocessing = 0;
		};
/* End PBXSourcesBuildPhase section */

/* Begin PBXVariantGroup section */
		089C165CFE840E0CC02AAC07 /* InfoPlist.strings */ = {
			isa = PBXVariantGroup;
			children = (
				089C165DFE840E0CC02AAC07 /* English */,
			);
			name = InfoPlist.strings;
			sourceTree = "<group>";
		};
		29B97318FDCFA39411CA2CEA /* MainMenu.nib */ = {
			isa = PBXVariantGroup;
			children = (
				29B97319FDCFA39411CA2CEA /* English */,
			);
			name = MainMenu.nib;
			sourceTree = "<group>";
		};
		65571C061063D533005E5929 /* Localizable.strings */ = {
			isa = PBXVariantGroup;
			children = (
				65571C021063D4FE005E5929 /* English */,
			);
			name = Localizable.strings;
			sourceTree = "<group>";
		};
		CD391ACD0C8E03460008BABF /* Welcome.html */ = {
			isa = PBXVariantGroup;
			children = (
				CD391ACE0C8E03460008BABF /* English */,
			);
			name = Welcome.html;
			sourceTree = "<group>";
		};
		CD391AD50C8E036C0008BABF /* Credits.html */ = {
			isa = PBXVariantGroup;
			children = (
				CD391AD60C8E036C0008BABF /* English */,
			);
			name = Credits.html;
			sourceTree = "<group>";
		};
		CD391AF60C8E04EC0008BABF /* have-modem.png */ = {
			isa = PBXVariantGroup;
			children = (
				CD391AF70C8E04EC0008BABF /* English */,
			);
			name = "have-modem.png";
			sourceTree = "<group>";
		};
		CD391AF80C8E04EC0008BABF /* no-modem.png */ = {
			isa = PBXVariantGroup;
			children = (
				CD391AF90C8E04EC0008BABF /* English */,
			);
			name = "no-modem.png";
			sourceTree = "<group>";
		};
/* End PBXVariantGroup section */

/* Begin XCBuildConfiguration section */
		C01FCF4B08A954540054247B /* Debug */ = {
			isa = XCBuildConfiguration;
			buildSettings = {
				ARCHS = "$(NATIVE_ARCH)";
				COPY_PHASE_STRIP = NO;
				FRAMEWORK_SEARCH_PATHS = (
					"$(inherited)",
					"$(FRAMEWORK_SEARCH_PATHS_QUOTED_1)",
					"$(FRAMEWORK_SEARCH_PATHS_QUOTED_2)",
					"$(FRAMEWORK_SEARCH_PATHS_QUOTED_FOR_TARGET_1)",
					"\"$(SRCROOT)/Resources\"",
					"\"$(SRCROOT)\"",
				);
				FRAMEWORK_SEARCH_PATHS_QUOTED_1 = "\"$(SRCROOT)\"";
				FRAMEWORK_SEARCH_PATHS_QUOTED_2 = "\"$(SRCROOT)\"";
				FRAMEWORK_SEARCH_PATHS_QUOTED_FOR_TARGET_1 = "\"$(SRCROOT)\"";
				GCC_DYNAMIC_NO_PIC = NO;
				GCC_ENABLE_FIX_AND_CONTINUE = YES;
				GCC_MODEL_TUNING = G5;
				GCC_OPTIMIZATION_LEVEL = 0;
				GCC_TREAT_WARNINGS_AS_ERRORS = NO;
				INFOPLIST_FILE = Info.plist;
				INSTALL_PATH = "$(HOME)/Applications";
				MACOSX_DEPLOYMENT_TARGET = 10.4;
				PRODUCT_NAME = CheetahWatch;
				WRAPPER_EXTENSION = app;
				ZERO_LINK = YES;
			};
			name = Debug;
		};
		C01FCF4C08A954540054247B /* Release */ = {
			isa = XCBuildConfiguration;
			buildSettings = {
				ARCHS = "$(ARCHS_STANDARD_32_64_BIT_PRE_XCODE_3_1)";
				ARCHS_STANDARD_32_64_BIT_PRE_XCODE_3_1 = "ppc i386 ppc64 x86_64";
				FRAMEWORK_SEARCH_PATHS = (
					"$(inherited)",
					"$(FRAMEWORK_SEARCH_PATHS_QUOTED_1)",
					"$(FRAMEWORK_SEARCH_PATHS_QUOTED_FOR_TARGET_1)",
					"$(FRAMEWORK_SEARCH_PATHS_QUOTED_FOR_TARGET_2)",
					"\"$(SRCROOT)/Resources\"",
					"\"$(SRCROOT)\"",
				);
				FRAMEWORK_SEARCH_PATHS_QUOTED_1 = "\"$(SRCROOT)\"";
				FRAMEWORK_SEARCH_PATHS_QUOTED_FOR_TARGET_1 = "\"$(SRCROOT)\"";
				FRAMEWORK_SEARCH_PATHS_QUOTED_FOR_TARGET_2 = "\"$(SRCROOT)\"";
				GCC_GENERATE_DEBUGGING_SYMBOLS = NO;
				GCC_MODEL_TUNING = G5;
				GCC_TREAT_WARNINGS_AS_ERRORS = NO;
				INFOPLIST_FILE = Info.plist;
				INSTALL_PATH = "$(HOME)/Applications";
				MACOSX_DEPLOYMENT_TARGET = 10.4;
				"MACOSX_DEPLOYMENT_TARGET[arch=ppc64]" = 10.5;
				"MACOSX_DEPLOYMENT_TARGET[arch=x86_64]" = 10.5;
				PRODUCT_NAME = CheetahWatch;
				WRAPPER_EXTENSION = app;
			};
			name = Release;
		};
		C01FCF4F08A954540054247B /* Debug */ = {
			isa = XCBuildConfiguration;
			buildSettings = {
				ARCHS = "$(ARCHS_STANDARD_32_64_BIT_PRE_XCODE_3_1)";
				ARCHS_STANDARD_32_64_BIT_PRE_XCODE_3_1 = "x86_64 i386 ppc";
				GCC_WARN_ABOUT_RETURN_TYPE = YES;
				GCC_WARN_UNUSED_VARIABLE = YES;
				MACOSX_DEPLOYMENT_TARGET_i386 = 10.4;
				MACOSX_DEPLOYMENT_TARGET_ppc = 10.4;
				MACOSX_DEPLOYMENT_TARGET_x86_64 = 10.5;
				OTHER_CFLAGS = "-DDEBUG";
				OTHER_LDFLAGS = "-flat_namespace";
				PREBINDING = NO;
				PRODUCT_NAME = CheetahWatch;
				VALID_ARCHS = "i386 ppc ppc7400 x86_64";
			};
			name = Debug;
		};
		C01FCF5008A954540054247B /* Release */ = {
			isa = XCBuildConfiguration;
			buildSettings = {
				ARCHS = "$(ARCHS_STANDARD_32_64_BIT_PRE_XCODE_3_1)";
				ARCHS_STANDARD_32_64_BIT_PRE_XCODE_3_1 = "x86_64 i386 ppc";
				GCC_WARN_ABOUT_RETURN_TYPE = YES;
				GCC_WARN_UNUSED_VARIABLE = YES;
				MACOSX_DEPLOYMENT_TARGET_i386 = 10.4;
				MACOSX_DEPLOYMENT_TARGET_ppc = 10.4;
				MACOSX_DEPLOYMENT_TARGET_x86_64 = 10.5;
				OTHER_LDFLAGS = "-flat_namespace";
				PREBINDING = NO;
				PRODUCT_NAME = CheetahWatch;
				VALID_ARCHS = "i386 ppc ppc7400 x86_64";
			};
			name = Release;
		};
		CDE4DA740DDC64B800718E0C /* Debug64 */ = {
			isa = XCBuildConfiguration;
			buildSettings = {
				ARCHS = "$(ARCHS_STANDARD_32_64_BIT_PRE_XCODE_3_1)";
				ARCHS_STANDARD_32_64_BIT_PRE_XCODE_3_1 = "x86_64 i386 ppc";
				GCC_WARN_ABOUT_RETURN_TYPE = YES;
				GCC_WARN_UNUSED_VARIABLE = YES;
				MACOSX_DEPLOYMENT_TARGET_i386 = 10.4;
				MACOSX_DEPLOYMENT_TARGET_ppc = 10.4;
				MACOSX_DEPLOYMENT_TARGET_x86_64 = 10.5;
				OTHER_CFLAGS = "-DDEBUG";
				OTHER_LDFLAGS = "-flat_namespace";
				PREBINDING = NO;
				PRODUCT_NAME = CheetahWatch;
				VALID_ARCHS = "i386 ppc ppc7400 x86_64";
			};
			name = Debug64;
		};
		CDE4DA750DDC64B800718E0C /* Debug64 */ = {
			isa = XCBuildConfiguration;
			buildSettings = {
				COPY_PHASE_STRIP = NO;
				FRAMEWORK_SEARCH_PATHS = (
					"$(inherited)",
					"$(FRAMEWORK_SEARCH_PATHS_QUOTED_1)",
					"$(FRAMEWORK_SEARCH_PATHS_QUOTED_2)",
					"$(FRAMEWORK_SEARCH_PATHS_QUOTED_FOR_TARGET_1)",
					"\"$(SRCROOT)/Resources\"",
					"\"$(SRCROOT)\"",
				);
				FRAMEWORK_SEARCH_PATHS_QUOTED_1 = "\"$(SRCROOT)\"";
				FRAMEWORK_SEARCH_PATHS_QUOTED_2 = "\"$(SRCROOT)\"";
				FRAMEWORK_SEARCH_PATHS_QUOTED_FOR_TARGET_1 = "\"$(SRCROOT)\"";
				GCC_DYNAMIC_NO_PIC = NO;
				GCC_ENABLE_FIX_AND_CONTINUE = YES;
				GCC_MODEL_TUNING = G5;
				GCC_OPTIMIZATION_LEVEL = 0;
				GCC_TREAT_WARNINGS_AS_ERRORS = NO;
				INFOPLIST_FILE = Info.plist;
				INSTALL_PATH = "$(HOME)/Applications";
				PRODUCT_NAME = CheetahWatch;
				WRAPPER_EXTENSION = app;
				ZERO_LINK = YES;
			};
			name = Debug64;
		};
/* End XCBuildConfiguration section */

/* Begin XCConfigurationList section */
		C01FCF4A08A954540054247B /* Build configuration list for PBXNativeTarget "CheetahWatch" */ = {
			isa = XCConfigurationList;
			buildConfigurations = (
				C01FCF4B08A954540054247B /* Debug */,
				CDE4DA750DDC64B800718E0C /* Debug64 */,
				C01FCF4C08A954540054247B /* Release */,
			);
			defaultConfigurationIsVisible = 0;
			defaultConfigurationName = Release;
		};
		C01FCF4E08A954540054247B /* Build configuration list for PBXProject "CheetahWatch" */ = {
			isa = XCConfigurationList;
			buildConfigurations = (
				C01FCF4F08A954540054247B /* Debug */,
				CDE4DA740DDC64B800718E0C /* Debug64 */,
				C01FCF5008A954540054247B /* Release */,
			);
			defaultConfigurationIsVisible = 0;
			defaultConfigurationName = Release;
		};
/* End XCConfigurationList section */
	};
	rootObject = 29B97313FDCFA39411CA2CEA /* Project object */;
}
